// !$*UTF8*$!
{
	archiveVersion = 1;
	classes = {
	};
	objectVersion = 56;
	objects = {

/* Begin PBXBuildFile section */
		681FC0092B5E9D3000D9BDFB /* CustomNavigationBarView.swift in Sources */ = {isa = PBXBuildFile; fileRef = 681FC0082B5E9D3000D9BDFB /* CustomNavigationBarView.swift */; };
		681FC00C2B5EA52E00D9BDFB /* FeaturedByCategoryViewModel.swift in Sources */ = {isa = PBXBuildFile; fileRef = 681FC00B2B5EA52E00D9BDFB /* FeaturedByCategoryViewModel.swift */; };
		681FC00E2B5EEF8100D9BDFB /* DetailViewModel.swift in Sources */ = {isa = PBXBuildFile; fileRef = 681FC00D2B5EEF8100D9BDFB /* DetailViewModel.swift */; };
		6848B0E92BC1FB950093FC81 /* FirebaseDatabase in Frameworks */ = {isa = PBXBuildFile; productRef = 6848B0E82BC1FB950093FC81 /* FirebaseDatabase */; };
		6848B0EB2BC1FB950093FC81 /* FirebaseStorage in Frameworks */ = {isa = PBXBuildFile; productRef = 6848B0EA2BC1FB950093FC81 /* FirebaseStorage */; };
		6848B0EE2BC1FC0D0093FC81 /* AddNewAddressError.swift in Sources */ = {isa = PBXBuildFile; fileRef = 6848B0ED2BC1FC0D0093FC81 /* AddNewAddressError.swift */; };
		6848B0F02BC1FC2B0093FC81 /* AddNewAddressView.swift in Sources */ = {isa = PBXBuildFile; fileRef = 6848B0EF2BC1FC2B0093FC81 /* AddNewAddressView.swift */; };
		6848B0F22BC1FC480093FC81 /* AddNewAddressViewModel.swift in Sources */ = {isa = PBXBuildFile; fileRef = 6848B0F12BC1FC480093FC81 /* AddNewAddressViewModel.swift */; };
		6848B0F42BC1FD260093FC81 /* AddressSelectionView.swift in Sources */ = {isa = PBXBuildFile; fileRef = 6848B0F32BC1FD260093FC81 /* AddressSelectionView.swift */; };
		6848B0F62BC1FD3B0093FC81 /* OrderConfirmView.swift in Sources */ = {isa = PBXBuildFile; fileRef = 6848B0F52BC1FD3B0093FC81 /* OrderConfirmView.swift */; };
		6848B0F82BC1FD4A0093FC81 /* OrderConfirmViewModel.swift in Sources */ = {isa = PBXBuildFile; fileRef = 6848B0F72BC1FD4A0093FC81 /* OrderConfirmViewModel.swift */; };
		686602AA2BC3038F009C9EB8 /* AddressModel+CoreDataClass.swift in Sources */ = {isa = PBXBuildFile; fileRef = 686602A82BC3038F009C9EB8 /* AddressModel+CoreDataClass.swift */; };
		686602AB2BC3038F009C9EB8 /* AddressModel+CoreDataProperties.swift in Sources */ = {isa = PBXBuildFile; fileRef = 686602A92BC3038F009C9EB8 /* AddressModel+CoreDataProperties.swift */; };
		686602AD2BC30736009C9EB8 /* SearchAddressModel.swift in Sources */ = {isa = PBXBuildFile; fileRef = 686602AC2BC30736009C9EB8 /* SearchAddressModel.swift */; };
		686602AF2BC31A9D009C9EB8 /* GeocoderManager.swift in Sources */ = {isa = PBXBuildFile; fileRef = 686602AE2BC31A9D009C9EB8 /* GeocoderManager.swift */; };
		687A154F2B5D0AE80097E21B /* DetailView.swift in Sources */ = {isa = PBXBuildFile; fileRef = 687A154E2B5D0AE80097E21B /* DetailView.swift */; };
		687A15512B5D267A0097E21B /* DetailFoodModel.swift in Sources */ = {isa = PBXBuildFile; fileRef = 687A15502B5D267A0097E21B /* DetailFoodModel.swift */; };
		689B129B2B5BB89700F7FB7B /* Vetka.ttf in Resources */ = {isa = PBXBuildFile; fileRef = 689B129A2B5BB89700F7FB7B /* Vetka.ttf */; };
		689B129E2B5BC38C00F7FB7B /* CategoryView.swift in Sources */ = {isa = PBXBuildFile; fileRef = 689B129D2B5BC38C00F7FB7B /* CategoryView.swift */; };
		689B12D72B5BD1B300F7FB7B /* GoogleService-Info.plist in Resources */ = {isa = PBXBuildFile; fileRef = 689B12D62B5BD1B300F7FB7B /* GoogleService-Info.plist */; };
		689B12DE2B5BD62D00F7FB7B /* FirebaseDatabaseManager.swift in Sources */ = {isa = PBXBuildFile; fileRef = 689B12DD2B5BD62D00F7FB7B /* FirebaseDatabaseManager.swift */; };
		689B12E02B5BD72D00F7FB7B /* HomeViewModel.swift in Sources */ = {isa = PBXBuildFile; fileRef = 689B12DF2B5BD72D00F7FB7B /* HomeViewModel.swift */; };
		689B12E22B5BD9E700F7FB7B /* FirebaseStorageManager.swift in Sources */ = {isa = PBXBuildFile; fileRef = 689B12E12B5BD9E700F7FB7B /* FirebaseStorageManager.swift */; };
		689B12E52B5BE2ED00F7FB7B /* CategoryModel.swift in Sources */ = {isa = PBXBuildFile; fileRef = 689B12E42B5BE2ED00F7FB7B /* CategoryModel.swift */; };
		68A09A6E2BBC5B7700927540 /* ErrorMessageViewModifier.swift in Sources */ = {isa = PBXBuildFile; fileRef = 68A09A6D2BBC5B7700927540 /* ErrorMessageViewModifier.swift */; };
		68A09A742BBC74C700927540 /* CoreDataError.swift in Sources */ = {isa = PBXBuildFile; fileRef = 68A09A732BBC74C700927540 /* CoreDataError.swift */; };
		68A09A762BBC74D800927540 /* FirebaseStorageError.swift in Sources */ = {isa = PBXBuildFile; fileRef = 68A09A752BBC74D800927540 /* FirebaseStorageError.swift */; };
		68A09A782BBC74E000927540 /* FirebaseDatabaseError.swift in Sources */ = {isa = PBXBuildFile; fileRef = 68A09A772BBC74E000927540 /* FirebaseDatabaseError.swift */; };
		68A637482BC595BE00E7D311 /* SwiftyJSON in Frameworks */ = {isa = PBXBuildFile; productRef = 68A637472BC595BE00E7D311 /* SwiftyJSON */; };
		68AD08BA2BBE0FC0004006C6 /* LaunchScreenViewModifier.swift in Sources */ = {isa = PBXBuildFile; fileRef = 68AD08B92BBE0FC0004006C6 /* LaunchScreenViewModifier.swift */; };
		68B50BDD2BB9807900EFE2B0 /* Model.xcdatamodeld in Sources */ = {isa = PBXBuildFile; fileRef = 68B50BDB2BB9807900EFE2B0 /* Model.xcdatamodeld */; };
		68B50BDF2BB9814F00EFE2B0 /* CoreDataManager.swift in Sources */ = {isa = PBXBuildFile; fileRef = 68B50BDE2BB9814F00EFE2B0 /* CoreDataManager.swift */; };
		68B50BE12BB981B000EFE2B0 /* BillViewModel.swift in Sources */ = {isa = PBXBuildFile; fileRef = 68B50BE02BB981B000EFE2B0 /* BillViewModel.swift */; };
		68B50BE82BB9849900EFE2B0 /* PositionForBillModel+CoreDataClass.swift in Sources */ = {isa = PBXBuildFile; fileRef = 68B50BE62BB9849900EFE2B0 /* PositionForBillModel+CoreDataClass.swift */; };
		68B50BE92BB9849900EFE2B0 /* PositionForBillModel+CoreDataProperties.swift in Sources */ = {isa = PBXBuildFile; fileRef = 68B50BE72BB9849900EFE2B0 /* PositionForBillModel+CoreDataProperties.swift */; };
		68B930452B5C4263002D28E2 /* FeaturedByCategoryView.swift in Sources */ = {isa = PBXBuildFile; fileRef = 68B930442B5C4263002D28E2 /* FeaturedByCategoryView.swift */; };
		68C291D92B5916360050BC4A /* DeliveryFoodApp.swift in Sources */ = {isa = PBXBuildFile; fileRef = 68C291D82B5916360050BC4A /* DeliveryFoodApp.swift */; };
		68C291DB2B5916360050BC4A /* HomeView.swift in Sources */ = {isa = PBXBuildFile; fileRef = 68C291DA2B5916360050BC4A /* HomeView.swift */; };
		68C291DD2B5916370050BC4A /* Assets.xcassets in Resources */ = {isa = PBXBuildFile; fileRef = 68C291DC2B5916370050BC4A /* Assets.xcassets */; };
		68C291E02B5916370050BC4A /* Preview Assets.xcassets in Resources */ = {isa = PBXBuildFile; fileRef = 68C291DF2B5916370050BC4A /* Preview Assets.xcassets */; };
		68C291EB2B5917FE0050BC4A /* LogotypeView.swift in Sources */ = {isa = PBXBuildFile; fileRef = 68C291EA2B5917FE0050BC4A /* LogotypeView.swift */; };
		68D494262BBD9083004EDF28 /* CoreDataManagerTests.swift in Sources */ = {isa = PBXBuildFile; fileRef = 68D494252BBD9083004EDF28 /* CoreDataManagerTests.swift */; };
		68DA00182B9B0C7C00177409 /* BillView.swift in Sources */ = {isa = PBXBuildFile; fileRef = 68DA00172B9B0C7C00177409 /* BillView.swift */; };
		68DA001E2B9B16C700177409 /* DashedLine.swift in Sources */ = {isa = PBXBuildFile; fileRef = 68DA001D2B9B16C700177409 /* DashedLine.swift */; };
/* End PBXBuildFile section */

/* Begin PBXContainerItemProxy section */
		68D494202BBD902B004EDF28 /* PBXContainerItemProxy */ = {
			isa = PBXContainerItemProxy;
			containerPortal = 68C291CD2B5916360050BC4A /* Project object */;
			proxyType = 1;
			remoteGlobalIDString = 68C291D42B5916360050BC4A;
			remoteInfo = DeliveryFood;
		};
/* End PBXContainerItemProxy section */

/* Begin PBXFileReference section */
		681FC0082B5E9D3000D9BDFB /* CustomNavigationBarView.swift */ = {isa = PBXFileReference; lastKnownFileType = sourcecode.swift; path = CustomNavigationBarView.swift; sourceTree = "<group>"; };
		681FC00B2B5EA52E00D9BDFB /* FeaturedByCategoryViewModel.swift */ = {isa = PBXFileReference; lastKnownFileType = sourcecode.swift; path = FeaturedByCategoryViewModel.swift; sourceTree = "<group>"; };
		681FC00D2B5EEF8100D9BDFB /* DetailViewModel.swift */ = {isa = PBXFileReference; lastKnownFileType = sourcecode.swift; path = DetailViewModel.swift; sourceTree = "<group>"; };
		6848B0ED2BC1FC0D0093FC81 /* AddNewAddressError.swift */ = {isa = PBXFileReference; lastKnownFileType = sourcecode.swift; path = AddNewAddressError.swift; sourceTree = "<group>"; };
		6848B0EF2BC1FC2B0093FC81 /* AddNewAddressView.swift */ = {isa = PBXFileReference; lastKnownFileType = sourcecode.swift; path = AddNewAddressView.swift; sourceTree = "<group>"; };
		6848B0F12BC1FC480093FC81 /* AddNewAddressViewModel.swift */ = {isa = PBXFileReference; lastKnownFileType = sourcecode.swift; path = AddNewAddressViewModel.swift; sourceTree = "<group>"; };
		6848B0F32BC1FD260093FC81 /* AddressSelectionView.swift */ = {isa = PBXFileReference; lastKnownFileType = sourcecode.swift; path = AddressSelectionView.swift; sourceTree = "<group>"; };
		6848B0F52BC1FD3B0093FC81 /* OrderConfirmView.swift */ = {isa = PBXFileReference; lastKnownFileType = sourcecode.swift; path = OrderConfirmView.swift; sourceTree = "<group>"; };
		6848B0F72BC1FD4A0093FC81 /* OrderConfirmViewModel.swift */ = {isa = PBXFileReference; lastKnownFileType = sourcecode.swift; path = OrderConfirmViewModel.swift; sourceTree = "<group>"; };
		686602A82BC3038F009C9EB8 /* AddressModel+CoreDataClass.swift */ = {isa = PBXFileReference; lastKnownFileType = sourcecode.swift; path = "AddressModel+CoreDataClass.swift"; sourceTree = "<group>"; };
		686602A92BC3038F009C9EB8 /* AddressModel+CoreDataProperties.swift */ = {isa = PBXFileReference; lastKnownFileType = sourcecode.swift; path = "AddressModel+CoreDataProperties.swift"; sourceTree = "<group>"; };
		686602AC2BC30736009C9EB8 /* SearchAddressModel.swift */ = {isa = PBXFileReference; lastKnownFileType = sourcecode.swift; path = SearchAddressModel.swift; sourceTree = "<group>"; };
		686602AE2BC31A9D009C9EB8 /* GeocoderManager.swift */ = {isa = PBXFileReference; lastKnownFileType = sourcecode.swift; path = GeocoderManager.swift; sourceTree = "<group>"; };
		686814DE2B5BB788001EC30E /* Info.plist */ = {isa = PBXFileReference; lastKnownFileType = text.plist.xml; path = Info.plist; sourceTree = "<group>"; };
		687A154E2B5D0AE80097E21B /* DetailView.swift */ = {isa = PBXFileReference; lastKnownFileType = sourcecode.swift; path = DetailView.swift; sourceTree = "<group>"; };
		687A15502B5D267A0097E21B /* DetailFoodModel.swift */ = {isa = PBXFileReference; lastKnownFileType = sourcecode.swift; path = DetailFoodModel.swift; sourceTree = "<group>"; };
		689B129A2B5BB89700F7FB7B /* Vetka.ttf */ = {isa = PBXFileReference; lastKnownFileType = file; path = Vetka.ttf; sourceTree = "<group>"; };
		689B129D2B5BC38C00F7FB7B /* CategoryView.swift */ = {isa = PBXFileReference; lastKnownFileType = sourcecode.swift; path = CategoryView.swift; sourceTree = "<group>"; };
		689B12D62B5BD1B300F7FB7B /* GoogleService-Info.plist */ = {isa = PBXFileReference; fileEncoding = 4; lastKnownFileType = text.plist.xml; path = "GoogleService-Info.plist"; sourceTree = "<group>"; };
		689B12DD2B5BD62D00F7FB7B /* FirebaseDatabaseManager.swift */ = {isa = PBXFileReference; lastKnownFileType = sourcecode.swift; path = FirebaseDatabaseManager.swift; sourceTree = "<group>"; };
		689B12DF2B5BD72D00F7FB7B /* HomeViewModel.swift */ = {isa = PBXFileReference; lastKnownFileType = sourcecode.swift; path = HomeViewModel.swift; sourceTree = "<group>"; };
		689B12E12B5BD9E700F7FB7B /* FirebaseStorageManager.swift */ = {isa = PBXFileReference; lastKnownFileType = sourcecode.swift; path = FirebaseStorageManager.swift; sourceTree = "<group>"; };
		689B12E42B5BE2ED00F7FB7B /* CategoryModel.swift */ = {isa = PBXFileReference; lastKnownFileType = sourcecode.swift; path = CategoryModel.swift; sourceTree = "<group>"; };
		68A09A6D2BBC5B7700927540 /* ErrorMessageViewModifier.swift */ = {isa = PBXFileReference; lastKnownFileType = sourcecode.swift; path = ErrorMessageViewModifier.swift; sourceTree = "<group>"; };
		68A09A732BBC74C700927540 /* CoreDataError.swift */ = {isa = PBXFileReference; lastKnownFileType = sourcecode.swift; path = CoreDataError.swift; sourceTree = "<group>"; };
		68A09A752BBC74D800927540 /* FirebaseStorageError.swift */ = {isa = PBXFileReference; lastKnownFileType = sourcecode.swift; path = FirebaseStorageError.swift; sourceTree = "<group>"; };
		68A09A772BBC74E000927540 /* FirebaseDatabaseError.swift */ = {isa = PBXFileReference; lastKnownFileType = sourcecode.swift; path = FirebaseDatabaseError.swift; sourceTree = "<group>"; };
		68AD08B92BBE0FC0004006C6 /* LaunchScreenViewModifier.swift */ = {isa = PBXFileReference; lastKnownFileType = sourcecode.swift; path = LaunchScreenViewModifier.swift; sourceTree = "<group>"; };
		68B50BDC2BB9807900EFE2B0 /* Model.xcdatamodel */ = {isa = PBXFileReference; lastKnownFileType = wrapper.xcdatamodel; path = Model.xcdatamodel; sourceTree = "<group>"; };
		68B50BDE2BB9814F00EFE2B0 /* CoreDataManager.swift */ = {isa = PBXFileReference; lastKnownFileType = sourcecode.swift; path = CoreDataManager.swift; sourceTree = "<group>"; };
		68B50BE02BB981B000EFE2B0 /* BillViewModel.swift */ = {isa = PBXFileReference; lastKnownFileType = sourcecode.swift; path = BillViewModel.swift; sourceTree = "<group>"; };
		68B50BE62BB9849900EFE2B0 /* PositionForBillModel+CoreDataClass.swift */ = {isa = PBXFileReference; lastKnownFileType = sourcecode.swift; path = "PositionForBillModel+CoreDataClass.swift"; sourceTree = "<group>"; };
		68B50BE72BB9849900EFE2B0 /* PositionForBillModel+CoreDataProperties.swift */ = {isa = PBXFileReference; lastKnownFileType = sourcecode.swift; path = "PositionForBillModel+CoreDataProperties.swift"; sourceTree = "<group>"; };
		68B930442B5C4263002D28E2 /* FeaturedByCategoryView.swift */ = {isa = PBXFileReference; lastKnownFileType = sourcecode.swift; path = FeaturedByCategoryView.swift; sourceTree = "<group>"; };
		68C291D52B5916360050BC4A /* DeliveryFood.app */ = {isa = PBXFileReference; explicitFileType = wrapper.application; includeInIndex = 0; path = DeliveryFood.app; sourceTree = BUILT_PRODUCTS_DIR; };
		68C291D82B5916360050BC4A /* DeliveryFoodApp.swift */ = {isa = PBXFileReference; lastKnownFileType = sourcecode.swift; path = DeliveryFoodApp.swift; sourceTree = "<group>"; };
		68C291DA2B5916360050BC4A /* HomeView.swift */ = {isa = PBXFileReference; lastKnownFileType = sourcecode.swift; path = HomeView.swift; sourceTree = "<group>"; };
		68C291DC2B5916370050BC4A /* Assets.xcassets */ = {isa = PBXFileReference; lastKnownFileType = folder.assetcatalog; path = Assets.xcassets; sourceTree = "<group>"; };
		68C291DF2B5916370050BC4A /* Preview Assets.xcassets */ = {isa = PBXFileReference; lastKnownFileType = folder.assetcatalog; path = "Preview Assets.xcassets"; sourceTree = "<group>"; };
		68C291EA2B5917FE0050BC4A /* LogotypeView.swift */ = {isa = PBXFileReference; lastKnownFileType = sourcecode.swift; path = LogotypeView.swift; sourceTree = "<group>"; };
		68D4941C2BBD902B004EDF28 /* DeliveryFoodTests.xctest */ = {isa = PBXFileReference; explicitFileType = wrapper.cfbundle; includeInIndex = 0; path = DeliveryFoodTests.xctest; sourceTree = BUILT_PRODUCTS_DIR; };
		68D494252BBD9083004EDF28 /* CoreDataManagerTests.swift */ = {isa = PBXFileReference; lastKnownFileType = sourcecode.swift; path = CoreDataManagerTests.swift; sourceTree = "<group>"; };
		68DA00172B9B0C7C00177409 /* BillView.swift */ = {isa = PBXFileReference; lastKnownFileType = sourcecode.swift; path = BillView.swift; sourceTree = "<group>"; };
		68DA001D2B9B16C700177409 /* DashedLine.swift */ = {isa = PBXFileReference; lastKnownFileType = sourcecode.swift; path = DashedLine.swift; sourceTree = "<group>"; };
/* End PBXFileReference section */

/* Begin PBXFrameworksBuildPhase section */
		68C291D22B5916360050BC4A /* Frameworks */ = {
			isa = PBXFrameworksBuildPhase;
			buildActionMask = 2147483647;
			files = (
				68A637482BC595BE00E7D311 /* SwiftyJSON in Frameworks */,
				6848B0E92BC1FB950093FC81 /* FirebaseDatabase in Frameworks */,
				6848B0EB2BC1FB950093FC81 /* FirebaseStorage in Frameworks */,
			);
			runOnlyForDeploymentPostprocessing = 0;
		};
		68D494192BBD902B004EDF28 /* Frameworks */ = {
			isa = PBXFrameworksBuildPhase;
			buildActionMask = 2147483647;
			files = (
			);
			runOnlyForDeploymentPostprocessing = 0;
		};
/* End PBXFrameworksBuildPhase section */

/* Begin PBXGroup section */
		681FC00A2B5EA52300D9BDFB /* FeaturedByCategoryView */ = {
			isa = PBXGroup;
			children = (
				68B930442B5C4263002D28E2 /* FeaturedByCategoryView.swift */,
				681FC00B2B5EA52E00D9BDFB /* FeaturedByCategoryViewModel.swift */,
			);
			path = FeaturedByCategoryView;
			sourceTree = "<group>";
		};
		6848B0EC2BC1FBAD0093FC81 /* OrderConfirmView */ = {
			isa = PBXGroup;
			children = (
				6848B0F52BC1FD3B0093FC81 /* OrderConfirmView.swift */,
				6848B0F72BC1FD4A0093FC81 /* OrderConfirmViewModel.swift */,
				6848B0F92BC1FF970093FC81 /* Subviews */,
			);
			path = OrderConfirmView;
			sourceTree = "<group>";
		};
		6848B0F92BC1FF970093FC81 /* Subviews */ = {
			isa = PBXGroup;
			children = (
				6848B0F32BC1FD260093FC81 /* AddressSelectionView.swift */,
				6848B0FA2BC1FFAE0093FC81 /* AddNewAddressView */,
			);
			path = Subviews;
			sourceTree = "<group>";
		};
		6848B0FA2BC1FFAE0093FC81 /* AddNewAddressView */ = {
			isa = PBXGroup;
			children = (
				6848B0EF2BC1FC2B0093FC81 /* AddNewAddressView.swift */,
				6848B0F12BC1FC480093FC81 /* AddNewAddressViewModel.swift */,
			);
			path = AddNewAddressView;
			sourceTree = "<group>";
		};
		687A154D2B5D0AD90097E21B /* DetailView */ = {
			isa = PBXGroup;
			children = (
				687A154E2B5D0AE80097E21B /* DetailView.swift */,
				681FC00D2B5EEF8100D9BDFB /* DetailViewModel.swift */,
			);
			path = DetailView;
			sourceTree = "<group>";
		};
		689B129C2B5BB94400F7FB7B /* Assets */ = {
			isa = PBXGroup;
			children = (
				68C291DC2B5916370050BC4A /* Assets.xcassets */,
				689B129A2B5BB89700F7FB7B /* Vetka.ttf */,
			);
			path = Assets;
			sourceTree = "<group>";
		};
		689B12D82B5BD5C900F7FB7B /* Services */ = {
			isa = PBXGroup;
			children = (
				689B12DD2B5BD62D00F7FB7B /* FirebaseDatabaseManager.swift */,
				689B12E12B5BD9E700F7FB7B /* FirebaseStorageManager.swift */,
				68B50BDE2BB9814F00EFE2B0 /* CoreDataManager.swift */,
				686602AE2BC31A9D009C9EB8 /* GeocoderManager.swift */,
			);
			path = Services;
			sourceTree = "<group>";
		};
		689B12D92B5BD5D900F7FB7B /* Views + ViewModels */ = {
			isa = PBXGroup;
			children = (
				6848B0EC2BC1FBAD0093FC81 /* OrderConfirmView */,
				687A154D2B5D0AD90097E21B /* DetailView */,
				689B12DA2B5BD5F100F7FB7B /* HomeView */,
				68DA00192B9B0C8700177409 /* BillView */,
			);
			path = "Views + ViewModels";
			sourceTree = "<group>";
		};
		689B12DA2B5BD5F100F7FB7B /* HomeView */ = {
			isa = PBXGroup;
			children = (
				68C291DA2B5916360050BC4A /* HomeView.swift */,
				689B12DF2B5BD72D00F7FB7B /* HomeViewModel.swift */,
				689B12DB2B5BD5FB00F7FB7B /* Subviews */,
			);
			path = HomeView;
			sourceTree = "<group>";
		};
		689B12DB2B5BD5FB00F7FB7B /* Subviews */ = {
			isa = PBXGroup;
			children = (
				689B129D2B5BC38C00F7FB7B /* CategoryView.swift */,
				681FC00A2B5EA52300D9BDFB /* FeaturedByCategoryView */,
			);
			path = Subviews;
			sourceTree = "<group>";
		};
		689B12DC2B5BD60700F7FB7B /* Subviews */ = {
			isa = PBXGroup;
			children = (
				68DA001D2B9B16C700177409 /* DashedLine.swift */,
				68C291EA2B5917FE0050BC4A /* LogotypeView.swift */,
				681FC0082B5E9D3000D9BDFB /* CustomNavigationBarView.swift */,
			);
			path = Subviews;
			sourceTree = "<group>";
		};
		689B12E32B5BE2DB00F7FB7B /* Models */ = {
			isa = PBXGroup;
			children = (
				689B12E42B5BE2ED00F7FB7B /* CategoryModel.swift */,
				687A15502B5D267A0097E21B /* DetailFoodModel.swift */,
				686602AC2BC30736009C9EB8 /* SearchAddressModel.swift */,
			);
			path = Models;
			sourceTree = "<group>";
		};
		68A09A6C2BBC5B5700927540 /* ViewModifiers */ = {
			isa = PBXGroup;
			children = (
				68A09A6D2BBC5B7700927540 /* ErrorMessageViewModifier.swift */,
				68AD08B92BBE0FC0004006C6 /* LaunchScreenViewModifier.swift */,
			);
			path = ViewModifiers;
			sourceTree = "<group>";
		};
		68A09A722BBC742700927540 /* Utilities */ = {
			isa = PBXGroup;
			children = (
				68A09A732BBC74C700927540 /* CoreDataError.swift */,
				68A09A752BBC74D800927540 /* FirebaseStorageError.swift */,
				68A09A772BBC74E000927540 /* FirebaseDatabaseError.swift */,
				6848B0ED2BC1FC0D0093FC81 /* AddNewAddressError.swift */,
			);
			path = Utilities;
			sourceTree = "<group>";
		};
		68B50BEA2BB9850100EFE2B0 /* CoreDataModels */ = {
			isa = PBXGroup;
			children = (
				68B50BE62BB9849900EFE2B0 /* PositionForBillModel+CoreDataClass.swift */,
				68B50BE72BB9849900EFE2B0 /* PositionForBillModel+CoreDataProperties.swift */,
				686602A82BC3038F009C9EB8 /* AddressModel+CoreDataClass.swift */,
				686602A92BC3038F009C9EB8 /* AddressModel+CoreDataProperties.swift */,
				68B50BDB2BB9807900EFE2B0 /* Model.xcdatamodeld */,
			);
			path = CoreDataModels;
			sourceTree = "<group>";
		};
		68C291CC2B5916360050BC4A = {
			isa = PBXGroup;
			children = (
				68C291D72B5916360050BC4A /* DeliveryFood */,
				68D4941D2BBD902B004EDF28 /* DeliveryFoodTests */,
				68C291D62B5916360050BC4A /* Products */,
			);
			sourceTree = "<group>";
		};
		68C291D62B5916360050BC4A /* Products */ = {
			isa = PBXGroup;
			children = (
				68C291D52B5916360050BC4A /* DeliveryFood.app */,
				68D4941C2BBD902B004EDF28 /* DeliveryFoodTests.xctest */,
			);
			name = Products;
			sourceTree = "<group>";
		};
		68C291D72B5916360050BC4A /* DeliveryFood */ = {
			isa = PBXGroup;
			children = (
				68C291D82B5916360050BC4A /* DeliveryFoodApp.swift */,
				689B12D92B5BD5D900F7FB7B /* Views + ViewModels */,
				689B12DC2B5BD60700F7FB7B /* Subviews */,
				68A09A6C2BBC5B5700927540 /* ViewModifiers */,
				689B12D82B5BD5C900F7FB7B /* Services */,
				68A09A722BBC742700927540 /* Utilities */,
				689B12E32B5BE2DB00F7FB7B /* Models */,
				68B50BEA2BB9850100EFE2B0 /* CoreDataModels */,
				689B129C2B5BB94400F7FB7B /* Assets */,
				68C291DE2B5916370050BC4A /* Supporting Files */,
			);
			path = DeliveryFood;
			sourceTree = "<group>";
		};
		68C291DE2B5916370050BC4A /* Supporting Files */ = {
			isa = PBXGroup;
			children = (
				686814DE2B5BB788001EC30E /* Info.plist */,
				689B12D62B5BD1B300F7FB7B /* GoogleService-Info.plist */,
				68C291DF2B5916370050BC4A /* Preview Assets.xcassets */,
			);
			path = "Supporting Files";
			sourceTree = "<group>";
		};
		68D4941D2BBD902B004EDF28 /* DeliveryFoodTests */ = {
			isa = PBXGroup;
			children = (
				68D494252BBD9083004EDF28 /* CoreDataManagerTests.swift */,
			);
			path = DeliveryFoodTests;
			sourceTree = "<group>";
		};
		68DA00192B9B0C8700177409 /* BillView */ = {
			isa = PBXGroup;
			children = (
				68DA00172B9B0C7C00177409 /* BillView.swift */,
				68B50BE02BB981B000EFE2B0 /* BillViewModel.swift */,
			);
			path = BillView;
			sourceTree = "<group>";
		};
/* End PBXGroup section */

/* Begin PBXNativeTarget section */
		68C291D42B5916360050BC4A /* DeliveryFood */ = {
			isa = PBXNativeTarget;
			buildConfigurationList = 68C291E32B5916370050BC4A /* Build configuration list for PBXNativeTarget "DeliveryFood" */;
			buildPhases = (
				68C291D12B5916360050BC4A /* Sources */,
				68C291D22B5916360050BC4A /* Frameworks */,
				68C291D32B5916360050BC4A /* Resources */,
			);
			buildRules = (
			);
			dependencies = (
			);
			name = DeliveryFood;
			packageProductDependencies = (
				6848B0E82BC1FB950093FC81 /* FirebaseDatabase */,
				6848B0EA2BC1FB950093FC81 /* FirebaseStorage */,
				68A637472BC595BE00E7D311 /* SwiftyJSON */,
			);
			productName = DeliveryFood;
			productReference = 68C291D52B5916360050BC4A /* DeliveryFood.app */;
			productType = "com.apple.product-type.application";
		};
		68D4941B2BBD902B004EDF28 /* DeliveryFoodTests */ = {
			isa = PBXNativeTarget;
			buildConfigurationList = 68D494242BBD902B004EDF28 /* Build configuration list for PBXNativeTarget "DeliveryFoodTests" */;
			buildPhases = (
				68D494182BBD902B004EDF28 /* Sources */,
				68D494192BBD902B004EDF28 /* Frameworks */,
				68D4941A2BBD902B004EDF28 /* Resources */,
			);
			buildRules = (
			);
			dependencies = (
				68D494212BBD902B004EDF28 /* PBXTargetDependency */,
			);
			name = DeliveryFoodTests;
			productName = DeliveryFoodTests;
			productReference = 68D4941C2BBD902B004EDF28 /* DeliveryFoodTests.xctest */;
			productType = "com.apple.product-type.bundle.unit-test";
		};
/* End PBXNativeTarget section */

/* Begin PBXProject section */
		68C291CD2B5916360050BC4A /* Project object */ = {
			isa = PBXProject;
			attributes = {
				BuildIndependentTargetsInParallel = 1;
				LastSwiftUpdateCheck = 1520;
				LastUpgradeCheck = 1520;
				TargetAttributes = {
					68C291D42B5916360050BC4A = {
						CreatedOnToolsVersion = 15.2;
					};
					68D4941B2BBD902B004EDF28 = {
						CreatedOnToolsVersion = 15.2;
						TestTargetID = 68C291D42B5916360050BC4A;
					};
				};
			};
			buildConfigurationList = 68C291D02B5916360050BC4A /* Build configuration list for PBXProject "DeliveryFood" */;
			compatibilityVersion = "Xcode 14.0";
			developmentRegion = en;
			hasScannedForEncodings = 0;
			knownRegions = (
				en,
				Base,
			);
			mainGroup = 68C291CC2B5916360050BC4A;
			packageReferences = (
				6848B0E72BC1FB950093FC81 /* XCRemoteSwiftPackageReference "firebase-ios-sdk" */,
				68A637462BC595BE00E7D311 /* XCRemoteSwiftPackageReference "SwiftyJSON" */,
			);
			productRefGroup = 68C291D62B5916360050BC4A /* Products */;
			projectDirPath = "";
			projectRoot = "";
			targets = (
				68C291D42B5916360050BC4A /* DeliveryFood */,
				68D4941B2BBD902B004EDF28 /* DeliveryFoodTests */,
			);
		};
/* End PBXProject section */

/* Begin PBXResourcesBuildPhase section */
		68C291D32B5916360050BC4A /* Resources */ = {
			isa = PBXResourcesBuildPhase;
			buildActionMask = 2147483647;
			files = (
				68C291E02B5916370050BC4A /* Preview Assets.xcassets in Resources */,
				689B12D72B5BD1B300F7FB7B /* GoogleService-Info.plist in Resources */,
				68C291DD2B5916370050BC4A /* Assets.xcassets in Resources */,
				689B129B2B5BB89700F7FB7B /* Vetka.ttf in Resources */,
			);
			runOnlyForDeploymentPostprocessing = 0;
		};
		68D4941A2BBD902B004EDF28 /* Resources */ = {
			isa = PBXResourcesBuildPhase;
			buildActionMask = 2147483647;
			files = (
			);
			runOnlyForDeploymentPostprocessing = 0;
		};
/* End PBXResourcesBuildPhase section */

/* Begin PBXSourcesBuildPhase section */
		68C291D12B5916360050BC4A /* Sources */ = {
			isa = PBXSourcesBuildPhase;
			buildActionMask = 2147483647;
			files = (
				68AD08BA2BBE0FC0004006C6 /* LaunchScreenViewModifier.swift in Sources */,
				68C291DB2B5916360050BC4A /* HomeView.swift in Sources */,
				68A09A742BBC74C700927540 /* CoreDataError.swift in Sources */,
				689B12E02B5BD72D00F7FB7B /* HomeViewModel.swift in Sources */,
				68C291D92B5916360050BC4A /* DeliveryFoodApp.swift in Sources */,
				68B50BE82BB9849900EFE2B0 /* PositionForBillModel+CoreDataClass.swift in Sources */,
				68B50BDF2BB9814F00EFE2B0 /* CoreDataManager.swift in Sources */,
				68B50BE12BB981B000EFE2B0 /* BillViewModel.swift in Sources */,
				687A154F2B5D0AE80097E21B /* DetailView.swift in Sources */,
				689B12DE2B5BD62D00F7FB7B /* FirebaseDatabaseManager.swift in Sources */,
				68B50BDD2BB9807900EFE2B0 /* Model.xcdatamodeld in Sources */,
				686602AF2BC31A9D009C9EB8 /* GeocoderManager.swift in Sources */,
				68DA00182B9B0C7C00177409 /* BillView.swift in Sources */,
				6848B0F82BC1FD4A0093FC81 /* OrderConfirmViewModel.swift in Sources */,
				687A15512B5D267A0097E21B /* DetailFoodModel.swift in Sources */,
				6848B0F22BC1FC480093FC81 /* AddNewAddressViewModel.swift in Sources */,
				68B50BE92BB9849900EFE2B0 /* PositionForBillModel+CoreDataProperties.swift in Sources */,
				686602AD2BC30736009C9EB8 /* SearchAddressModel.swift in Sources */,
				68A09A762BBC74D800927540 /* FirebaseStorageError.swift in Sources */,
				68A09A782BBC74E000927540 /* FirebaseDatabaseError.swift in Sources */,
				68A09A6E2BBC5B7700927540 /* ErrorMessageViewModifier.swift in Sources */,
				689B129E2B5BC38C00F7FB7B /* CategoryView.swift in Sources */,
				689B12E52B5BE2ED00F7FB7B /* CategoryModel.swift in Sources */,
				689B12E22B5BD9E700F7FB7B /* FirebaseStorageManager.swift in Sources */,
				681FC00E2B5EEF8100D9BDFB /* DetailViewModel.swift in Sources */,
				6848B0F42BC1FD260093FC81 /* AddressSelectionView.swift in Sources */,
				68DA001E2B9B16C700177409 /* DashedLine.swift in Sources */,
				686602AA2BC3038F009C9EB8 /* AddressModel+CoreDataClass.swift in Sources */,
				686602AB2BC3038F009C9EB8 /* AddressModel+CoreDataProperties.swift in Sources */,
				6848B0F02BC1FC2B0093FC81 /* AddNewAddressView.swift in Sources */,
				6848B0F62BC1FD3B0093FC81 /* OrderConfirmView.swift in Sources */,
				6848B0EE2BC1FC0D0093FC81 /* AddNewAddressError.swift in Sources */,
				68C291EB2B5917FE0050BC4A /* LogotypeView.swift in Sources */,
				681FC00C2B5EA52E00D9BDFB /* FeaturedByCategoryViewModel.swift in Sources */,
				68B930452B5C4263002D28E2 /* FeaturedByCategoryView.swift in Sources */,
				681FC0092B5E9D3000D9BDFB /* CustomNavigationBarView.swift in Sources */,
			);
			runOnlyForDeploymentPostprocessing = 0;
		};
		68D494182BBD902B004EDF28 /* Sources */ = {
			isa = PBXSourcesBuildPhase;
			buildActionMask = 2147483647;
			files = (
				68D494262BBD9083004EDF28 /* CoreDataManagerTests.swift in Sources */,
			);
			runOnlyForDeploymentPostprocessing = 0;
		};
/* End PBXSourcesBuildPhase section */

/* Begin PBXTargetDependency section */
		68D494212BBD902B004EDF28 /* PBXTargetDependency */ = {
			isa = PBXTargetDependency;
			target = 68C291D42B5916360050BC4A /* DeliveryFood */;
			targetProxy = 68D494202BBD902B004EDF28 /* PBXContainerItemProxy */;
		};
/* End PBXTargetDependency section */

/* Begin XCBuildConfiguration section */
		68C291E12B5916370050BC4A /* Debug */ = {
			isa = XCBuildConfiguration;
			buildSettings = {
				ALWAYS_SEARCH_USER_PATHS = NO;
				ASSETCATALOG_COMPILER_GENERATE_SWIFT_ASSET_SYMBOL_EXTENSIONS = YES;
				CLANG_ANALYZER_NONNULL = YES;
				CLANG_ANALYZER_NUMBER_OBJECT_CONVERSION = YES_AGGRESSIVE;
				CLANG_CXX_LANGUAGE_STANDARD = "gnu++20";
				CLANG_ENABLE_MODULES = YES;
				CLANG_ENABLE_OBJC_ARC = YES;
				CLANG_ENABLE_OBJC_WEAK = YES;
				CLANG_WARN_BLOCK_CAPTURE_AUTORELEASING = YES;
				CLANG_WARN_BOOL_CONVERSION = YES;
				CLANG_WARN_COMMA = YES;
				CLANG_WARN_CONSTANT_CONVERSION = YES;
				CLANG_WARN_DEPRECATED_OBJC_IMPLEMENTATIONS = YES;
				CLANG_WARN_DIRECT_OBJC_ISA_USAGE = YES_ERROR;
				CLANG_WARN_DOCUMENTATION_COMMENTS = YES;
				CLANG_WARN_EMPTY_BODY = YES;
				CLANG_WARN_ENUM_CONVERSION = YES;
				CLANG_WARN_INFINITE_RECURSION = YES;
				CLANG_WARN_INT_CONVERSION = YES;
				CLANG_WARN_NON_LITERAL_NULL_CONVERSION = YES;
				CLANG_WARN_OBJC_IMPLICIT_RETAIN_SELF = YES;
				CLANG_WARN_OBJC_LITERAL_CONVERSION = YES;
				CLANG_WARN_OBJC_ROOT_CLASS = YES_ERROR;
				CLANG_WARN_QUOTED_INCLUDE_IN_FRAMEWORK_HEADER = YES;
				CLANG_WARN_RANGE_LOOP_ANALYSIS = YES;
				CLANG_WARN_STRICT_PROTOTYPES = YES;
				CLANG_WARN_SUSPICIOUS_MOVE = YES;
				CLANG_WARN_UNGUARDED_AVAILABILITY = YES_AGGRESSIVE;
				CLANG_WARN_UNREACHABLE_CODE = YES;
				CLANG_WARN__DUPLICATE_METHOD_MATCH = YES;
				COPY_PHASE_STRIP = NO;
				DEBUG_INFORMATION_FORMAT = dwarf;
				ENABLE_STRICT_OBJC_MSGSEND = YES;
				ENABLE_TESTABILITY = YES;
				ENABLE_USER_SCRIPT_SANDBOXING = YES;
				GCC_C_LANGUAGE_STANDARD = gnu17;
				GCC_DYNAMIC_NO_PIC = NO;
				GCC_NO_COMMON_BLOCKS = YES;
				GCC_OPTIMIZATION_LEVEL = 0;
				GCC_PREPROCESSOR_DEFINITIONS = (
					"DEBUG=1",
					"$(inherited)",
				);
				GCC_WARN_64_TO_32_BIT_CONVERSION = YES;
				GCC_WARN_ABOUT_RETURN_TYPE = YES_ERROR;
				GCC_WARN_UNDECLARED_SELECTOR = YES;
				GCC_WARN_UNINITIALIZED_AUTOS = YES_AGGRESSIVE;
				GCC_WARN_UNUSED_FUNCTION = YES;
				GCC_WARN_UNUSED_VARIABLE = YES;
				IPHONEOS_DEPLOYMENT_TARGET = 17.0;
				LOCALIZATION_PREFERS_STRING_CATALOGS = YES;
				MTL_ENABLE_DEBUG_INFO = INCLUDE_SOURCE;
				MTL_FAST_MATH = YES;
				ONLY_ACTIVE_ARCH = YES;
				SDKROOT = iphoneos;
				SWIFT_ACTIVE_COMPILATION_CONDITIONS = "DEBUG $(inherited)";
				SWIFT_OPTIMIZATION_LEVEL = "-Onone";
			};
			name = Debug;
		};
		68C291E22B5916370050BC4A /* Release */ = {
			isa = XCBuildConfiguration;
			buildSettings = {
				ALWAYS_SEARCH_USER_PATHS = NO;
				ASSETCATALOG_COMPILER_GENERATE_SWIFT_ASSET_SYMBOL_EXTENSIONS = YES;
				CLANG_ANALYZER_NONNULL = YES;
				CLANG_ANALYZER_NUMBER_OBJECT_CONVERSION = YES_AGGRESSIVE;
				CLANG_CXX_LANGUAGE_STANDARD = "gnu++20";
				CLANG_ENABLE_MODULES = YES;
				CLANG_ENABLE_OBJC_ARC = YES;
				CLANG_ENABLE_OBJC_WEAK = YES;
				CLANG_WARN_BLOCK_CAPTURE_AUTORELEASING = YES;
				CLANG_WARN_BOOL_CONVERSION = YES;
				CLANG_WARN_COMMA = YES;
				CLANG_WARN_CONSTANT_CONVERSION = YES;
				CLANG_WARN_DEPRECATED_OBJC_IMPLEMENTATIONS = YES;
				CLANG_WARN_DIRECT_OBJC_ISA_USAGE = YES_ERROR;
				CLANG_WARN_DOCUMENTATION_COMMENTS = YES;
				CLANG_WARN_EMPTY_BODY = YES;
				CLANG_WARN_ENUM_CONVERSION = YES;
				CLANG_WARN_INFINITE_RECURSION = YES;
				CLANG_WARN_INT_CONVERSION = YES;
				CLANG_WARN_NON_LITERAL_NULL_CONVERSION = YES;
				CLANG_WARN_OBJC_IMPLICIT_RETAIN_SELF = YES;
				CLANG_WARN_OBJC_LITERAL_CONVERSION = YES;
				CLANG_WARN_OBJC_ROOT_CLASS = YES_ERROR;
				CLANG_WARN_QUOTED_INCLUDE_IN_FRAMEWORK_HEADER = YES;
				CLANG_WARN_RANGE_LOOP_ANALYSIS = YES;
				CLANG_WARN_STRICT_PROTOTYPES = YES;
				CLANG_WARN_SUSPICIOUS_MOVE = YES;
				CLANG_WARN_UNGUARDED_AVAILABILITY = YES_AGGRESSIVE;
				CLANG_WARN_UNREACHABLE_CODE = YES;
				CLANG_WARN__DUPLICATE_METHOD_MATCH = YES;
				COPY_PHASE_STRIP = NO;
				DEBUG_INFORMATION_FORMAT = "dwarf-with-dsym";
				ENABLE_NS_ASSERTIONS = NO;
				ENABLE_STRICT_OBJC_MSGSEND = YES;
				ENABLE_USER_SCRIPT_SANDBOXING = YES;
				GCC_C_LANGUAGE_STANDARD = gnu17;
				GCC_NO_COMMON_BLOCKS = YES;
				GCC_WARN_64_TO_32_BIT_CONVERSION = YES;
				GCC_WARN_ABOUT_RETURN_TYPE = YES_ERROR;
				GCC_WARN_UNDECLARED_SELECTOR = YES;
				GCC_WARN_UNINITIALIZED_AUTOS = YES_AGGRESSIVE;
				GCC_WARN_UNUSED_FUNCTION = YES;
				GCC_WARN_UNUSED_VARIABLE = YES;
				IPHONEOS_DEPLOYMENT_TARGET = 17.0;
				LOCALIZATION_PREFERS_STRING_CATALOGS = YES;
				MTL_ENABLE_DEBUG_INFO = NO;
				MTL_FAST_MATH = YES;
				SDKROOT = iphoneos;
				SWIFT_COMPILATION_MODE = wholemodule;
				VALIDATE_PRODUCT = YES;
			};
			name = Release;
		};
		68C291E42B5916370050BC4A /* Debug */ = {
			isa = XCBuildConfiguration;
			buildSettings = {
				ASSETCATALOG_COMPILER_APPICON_NAME = AppIcon;
				ASSETCATALOG_COMPILER_GLOBAL_ACCENT_COLOR_NAME = AccentColor;
				CODE_SIGN_STYLE = Automatic;
				CURRENT_PROJECT_VERSION = 1;
				DEVELOPMENT_ASSET_PATHS = "\"DeliveryFood/Supporting Files\"";
				DEVELOPMENT_TEAM = BYFTVC42WF;
				ENABLE_PREVIEWS = YES;
				GENERATE_INFOPLIST_FILE = YES;
				INFOPLIST_FILE = "DeliveryFood/Supporting Files/Info.plist";
				INFOPLIST_KEY_UIApplicationSceneManifest_Generation = YES;
				INFOPLIST_KEY_UIApplicationSupportsIndirectInputEvents = YES;
				INFOPLIST_KEY_UILaunchScreen_Generation = YES;
				INFOPLIST_KEY_UILaunchStoryboardName = "Launch Screen.storyboard";
				INFOPLIST_KEY_UISupportedInterfaceOrientations = UIInterfaceOrientationPortrait;
				INFOPLIST_KEY_UISupportedInterfaceOrientations_iPad = "UIInterfaceOrientationLandscapeLeft UIInterfaceOrientationLandscapeRight UIInterfaceOrientationPortrait UIInterfaceOrientationPortraitUpsideDown";
				IPHONEOS_DEPLOYMENT_TARGET = 17.0;
				LD_RUNPATH_SEARCH_PATHS = (
					"$(inherited)",
					"@executable_path/Frameworks",
				);
				MARKETING_VERSION = 1.0;
				PRODUCT_BUNDLE_IDENTIFIER = com.BrinyPiny.DeliveryFood;
				PRODUCT_NAME = "$(TARGET_NAME)";
				SWIFT_EMIT_LOC_STRINGS = YES;
				SWIFT_VERSION = 5.0;
				TARGETED_DEVICE_FAMILY = "1,2";
			};
			name = Debug;
		};
		68C291E52B5916370050BC4A /* Release */ = {
			isa = XCBuildConfiguration;
			buildSettings = {
				ASSETCATALOG_COMPILER_APPICON_NAME = AppIcon;
				ASSETCATALOG_COMPILER_GLOBAL_ACCENT_COLOR_NAME = AccentColor;
				CODE_SIGN_STYLE = Automatic;
				CURRENT_PROJECT_VERSION = 1;
				DEVELOPMENT_ASSET_PATHS = "\"DeliveryFood/Supporting Files\"";
				DEVELOPMENT_TEAM = BYFTVC42WF;
				ENABLE_PREVIEWS = YES;
				GENERATE_INFOPLIST_FILE = YES;
				INFOPLIST_FILE = "DeliveryFood/Supporting Files/Info.plist";
				INFOPLIST_KEY_UIApplicationSceneManifest_Generation = YES;
				INFOPLIST_KEY_UIApplicationSupportsIndirectInputEvents = YES;
				INFOPLIST_KEY_UILaunchScreen_Generation = YES;
				INFOPLIST_KEY_UILaunchStoryboardName = "Launch Screen.storyboard";
				INFOPLIST_KEY_UISupportedInterfaceOrientations = UIInterfaceOrientationPortrait;
				INFOPLIST_KEY_UISupportedInterfaceOrientations_iPad = "UIInterfaceOrientationLandscapeLeft UIInterfaceOrientationLandscapeRight UIInterfaceOrientationPortrait UIInterfaceOrientationPortraitUpsideDown";
				IPHONEOS_DEPLOYMENT_TARGET = 17.0;
				LD_RUNPATH_SEARCH_PATHS = (
					"$(inherited)",
					"@executable_path/Frameworks",
				);
				MARKETING_VERSION = 1.0;
				PRODUCT_BUNDLE_IDENTIFIER = com.BrinyPiny.DeliveryFood;
				PRODUCT_NAME = "$(TARGET_NAME)";
				SWIFT_EMIT_LOC_STRINGS = YES;
				SWIFT_VERSION = 5.0;
				TARGETED_DEVICE_FAMILY = "1,2";
			};
			name = Release;
		};
		68D494222BBD902B004EDF28 /* Debug */ = {
			isa = XCBuildConfiguration;
			buildSettings = {
				BUNDLE_LOADER = "$(TEST_HOST)";
				CODE_SIGN_STYLE = Automatic;
				CURRENT_PROJECT_VERSION = 1;
				DEVELOPMENT_TEAM = BYFTVC42WF;
				GENERATE_INFOPLIST_FILE = YES;
				MARKETING_VERSION = 1.0;
				PRODUCT_BUNDLE_IDENTIFIER = com.BrinyPiny.DeliveryFoodTests;
				PRODUCT_NAME = "$(TARGET_NAME)";
				SWIFT_EMIT_LOC_STRINGS = NO;
				SWIFT_VERSION = 5.0;
				TARGETED_DEVICE_FAMILY = "1,2";
				TEST_HOST = "$(BUILT_PRODUCTS_DIR)/DeliveryFood.app/$(BUNDLE_EXECUTABLE_FOLDER_PATH)/DeliveryFood";
			};
			name = Debug;
		};
		68D494232BBD902B004EDF28 /* Release */ = {
			isa = XCBuildConfiguration;
			buildSettings = {
				BUNDLE_LOADER = "$(TEST_HOST)";
				CODE_SIGN_STYLE = Automatic;
				CURRENT_PROJECT_VERSION = 1;
				DEVELOPMENT_TEAM = BYFTVC42WF;
				GENERATE_INFOPLIST_FILE = YES;
				MARKETING_VERSION = 1.0;
				PRODUCT_BUNDLE_IDENTIFIER = com.BrinyPiny.DeliveryFoodTests;
				PRODUCT_NAME = "$(TARGET_NAME)";
				SWIFT_EMIT_LOC_STRINGS = NO;
				SWIFT_VERSION = 5.0;
				TARGETED_DEVICE_FAMILY = "1,2";
				TEST_HOST = "$(BUILT_PRODUCTS_DIR)/DeliveryFood.app/$(BUNDLE_EXECUTABLE_FOLDER_PATH)/DeliveryFood";
			};
			name = Release;
		};
/* End XCBuildConfiguration section */

/* Begin XCConfigurationList section */
		68C291D02B5916360050BC4A /* Build configuration list for PBXProject "DeliveryFood" */ = {
			isa = XCConfigurationList;
			buildConfigurations = (
				68C291E12B5916370050BC4A /* Debug */,
				68C291E22B5916370050BC4A /* Release */,
			);
			defaultConfigurationIsVisible = 0;
			defaultConfigurationName = Release;
		};
		68C291E32B5916370050BC4A /* Build configuration list for PBXNativeTarget "DeliveryFood" */ = {
			isa = XCConfigurationList;
			buildConfigurations = (
				68C291E42B5916370050BC4A /* Debug */,
				68C291E52B5916370050BC4A /* Release */,
			);
			defaultConfigurationIsVisible = 0;
			defaultConfigurationName = Release;
		};
		68D494242BBD902B004EDF28 /* Build configuration list for PBXNativeTarget "DeliveryFoodTests" */ = {
			isa = XCConfigurationList;
			buildConfigurations = (
				68D494222BBD902B004EDF28 /* Debug */,
				68D494232BBD902B004EDF28 /* Release */,
			);
			defaultConfigurationIsVisible = 0;
			defaultConfigurationName = Release;
		};
/* End XCConfigurationList section */

/* Begin XCRemoteSwiftPackageReference section */
		6848B0E72BC1FB950093FC81 /* XCRemoteSwiftPackageReference "firebase-ios-sdk" */ = {
			isa = XCRemoteSwiftPackageReference;
			repositoryURL = "https://github.com/firebase/firebase-ios-sdk";
			requirement = {
				kind = upToNextMajorVersion;
				minimumVersion = 10.23.1;
			};
		};
		68A637462BC595BE00E7D311 /* XCRemoteSwiftPackageReference "SwiftyJSON" */ = {
			isa = XCRemoteSwiftPackageReference;
			repositoryURL = "https://github.com/SwiftyJSON/SwiftyJSON";
			requirement = {
				kind = upToNextMajorVersion;
				minimumVersion = 5.0.2;
			};
		};
/* End XCRemoteSwiftPackageReference section */

/* Begin XCSwiftPackageProductDependency section */
		6848B0E82BC1FB950093FC81 /* FirebaseDatabase */ = {
			isa = XCSwiftPackageProductDependency;
			package = 6848B0E72BC1FB950093FC81 /* XCRemoteSwiftPackageReference "firebase-ios-sdk" */;
			productName = FirebaseDatabase;
		};
		6848B0EA2BC1FB950093FC81 /* FirebaseStorage */ = {
			isa = XCSwiftPackageProductDependency;
			package = 6848B0E72BC1FB950093FC81 /* XCRemoteSwiftPackageReference "firebase-ios-sdk" */;
			productName = FirebaseStorage;
		};
		68A637472BC595BE00E7D311 /* SwiftyJSON */ = {
			isa = XCSwiftPackageProductDependency;
			package = 68A637462BC595BE00E7D311 /* XCRemoteSwiftPackageReference "SwiftyJSON" */;
			productName = SwiftyJSON;
		};
/* End XCSwiftPackageProductDependency section */

/* Begin XCVersionGroup section */
		68B50BDB2BB9807900EFE2B0 /* Model.xcdatamodeld */ = {
			isa = XCVersionGroup;
			children = (
				68B50BDC2BB9807900EFE2B0 /* Model.xcdatamodel */,
			);
			currentVersion = 68B50BDC2BB9807900EFE2B0 /* Model.xcdatamodel */;
			path = Model.xcdatamodeld;
			sourceTree = "<group>";
			versionGroupType = wrapper.xcdatamodel;
		};
/* End XCVersionGroup section */
	};
	rootObject = 68C291CD2B5916360050BC4A /* Project object */;
}
